<?xml version="1.0" encoding="utf-8"?>
<Project ToolsVersion="4.0" xmlns="http://schemas.microsoft.com/developer/msbuild/2003">
  <ItemGroup>
    <ClInclude Include="..\Pubc\Version.h">
      <Filter>Core</Filter>
    </ClInclude>
    <ClInclude Include="..\Pubc\Register.h">
      <Filter>Core</Filter>
    </ClInclude>
    <ClInclude Include="..\Pubc\Interface Raw Message.h">
      <Filter>Raw</Filter>
    </ClInclude>
    <ClInclude Include="..\Pubc\Interface Relay Receiver.h">
      <Filter>Relay</Filter>
    </ClInclude>
    <ClInclude Include="..\Pubc\Savvy Relay Receiver.h">
      <Filter>Relay</Filter>
    </ClInclude>
    <ClInclude Include="..\Pubc\Interface Conduit.h">
      <Filter>Conduit</Filter>
    </ClInclude>
    <ClInclude Include="..\Pubc\Base Conduit.h">
      <Filter>Conduit</Filter>
    </ClInclude>
    <ClInclude Include="..\Pubc\Interface Nexus.h">
      <Filter>Conduit</Filter>
    </ClInclude>
    <ClInclude Include="..\Pubc\Base Nexus.h">
      <Filter>Conduit</Filter>
    </ClInclude>
    <ClInclude Include="..\Pubc\Base Message.h">
      <Filter>Message</Filter>
    </ClInclude>
    <ClInclude Include="..\Pubc\Path Tools.h">
      <Filter>Util</Filter>
    </ClInclude>
    <ClInclude Include="..\Pubc\Await Message.h">
      <Filter>Message</Filter>
    </ClInclude>
    <ClInclude Include="..\Pubc\Function Message.h">
      <Filter>Message</Filter>
    </ClInclude>
    <ClInclude Include="..\Pubc\Simple Relay Dir.h">
      <Filter>Relay</Filter>
    </ClInclude>
    <ClInclude Include="..\Pubc\File Server.h">
      <Filter>Util</Filter>
    </ClInclude>
    <ClInclude Include="..\Pubc\Disposable Message.h">
      <Filter>Message</Filter>
    </ClInclude>
    <ClInclude Include="..\Pubc\Websocket Protocol Messages.h">
      <Filter>Socket</Filter>
    </ClInclude>
    <ClInclude Include="..\Pubc\Websocket Protocol Shared.h">
      <Filter>Socket</Filter>
    </ClInclude>
    <ClInclude Include="..\Pub_ts\Websocket Protocol What-ho.ts">
      <Filter>Socket</Filter>
    </ClInclude>
    <ClInclude Include="..\Pubc\Websocket Protocol What-ho.h">
      <Filter>Socket</Filter>
    </ClInclude>
    <ClInclude Include="..\Pubc\Raw Message State.h">
      <Filter>Raw</Filter>
    </ClInclude>
  </ItemGroup>
  <ItemGroup>
    <None Include="..\Meta\contributors.json">
      <Filter>Meta</Filter>
    </None>
    <None Include="..\Meta\libraries.json">
      <Filter>Meta</Filter>
    </None>
    <None Include="..\Pub_ts\Websocket Protocol Messages.ts">
      <Filter>Socket</Filter>
    </None>
    <None Include="..\Pub_ts\Websocket Protocol Shared.ts">
      <Filter>Socket</Filter>
    </None>
  </ItemGroup>
  <ItemGroup>
    <Filter Include="Meta">
      <UniqueIdentifier>{809cf452-6954-4c78-ac6f-44c04101b5d3}</UniqueIdentifier>
    </Filter>
    <Filter Include="Core">
      <UniqueIdentifier>{ee8256a8-4eda-42a0-825e-5d369a9bedf4}</UniqueIdentifier>
    </Filter>
    <Filter Include="Relay">
      <UniqueIdentifier>{ecbc47da-5364-4043-99ed-da1cf20fa3ca}</UniqueIdentifier>
    </Filter>
    <Filter Include="Raw">
      <UniqueIdentifier>{0c04f866-8781-42a7-af02-9dce13e7a356}</UniqueIdentifier>
    </Filter>
    <Filter Include="Conduit">
      <UniqueIdentifier>{4eae6008-846e-4b84-9c97-ca86cf54f24b}</UniqueIdentifier>
    </Filter>
    <Filter Include="Message">
      <UniqueIdentifier>{eed49166-048d-4920-80d5-4fcfcfe64dbd}</UniqueIdentifier>
    </Filter>
    <Filter Include="Util">
      <UniqueIdentifier>{4e37165a-9086-4ea8-9d1c-ef139bb9c636}</UniqueIdentifier>
    </Filter>
    <Filter Include="Socket">
      <UniqueIdentifier>{a5e9c8ae-bb77-4f26-80bb-d3c0fa69b7bb}</UniqueIdentifier>
    </Filter>
  </ItemGroup>
  <ItemGroup>
    <CustomBuild Include="..\Meta\generate_meta.txt">
      <Filter>Meta</Filter>
    </CustomBuild>
  </ItemGroup>
  <ItemGroup>
    <Text Include="..\Meta\licence_name.txt">
      <Filter>Meta</Filter>
    </Text>
  </ItemGroup>
  <ItemGroup>
    <ClCompile Include="..\Pubc\Version.cpp">
      <Filter>Core</Filter>
    </ClCompile>
    <ClCompile Include="..\Pubc\Interface Relay Receiver.cpp">
      <Filter>Relay</Filter>
    </ClCompile>
    <ClCompile Include="..\Pubc\Savvy Relay Receiver.cpp">
      <Filter>Relay</Filter>
    </ClCompile>
    <ClCompile Include="..\Pubc\Base Conduit.cpp">
      <Filter>Conduit</Filter>
    </ClCompile>
    <ClCompile Include="..\Pubc\Base Nexus.cpp">
      <Filter>Conduit</Filter>
    </ClCompile>
    <ClCompile Include="..\Pubc\Base Message.cpp">
      <Filter>Message</Filter>
    </ClCompile>
  </ItemGroup>
</Project>