<?xml version="1.0" encoding="utf-8"?>
<Project ToolsVersion="4.0" xmlns="http://schemas.microsoft.com/developer/msbuild/2003">
  <ItemGroup>
    <ClInclude Include="..\Pubc\Version.h">
      <Filter>Core</Filter>
    </ClInclude>
    <ClInclude Include="..\Pubc\Register.h">
      <Filter>Core</Filter>
    </ClInclude>
    <ClInclude Include="..\Pubc\Interface Conduit.h">
      <Filter>Raw</Filter>
    </ClInclude>
    <ClInclude Include="..\Pubc\Interface Messages.h">
      <Filter>Raw</Filter>
    </ClInclude>
    <ClInclude Include="..\Pubc\Interface Raw Message.h">
      <Filter>Raw</Filter>
    </ClInclude>
    <ClInclude Include="..\Pubc\Message State.h">
      <Filter>Raw</Filter>
    </ClInclude>
    <ClInclude Include="..\Pubc\Interface Relay Receiver.h">
      <Filter>Relay</Filter>
    </ClInclude>
    <ClInclude Include="..\Pubc\Savvy Relay Receiver.h">
      <Filter>Relay</Filter>
    </ClInclude>
    <ClInclude Include="..\Pubc\Message Wrap JSON.h">
      <Filter>Wrap</Filter>
    </ClInclude>
  </ItemGroup>
  <ItemGroup>
    <None Include="..\Meta\contributors.json">
      <Filter>Meta</Filter>
    </None>
    <None Include="..\Meta\libraries.json">
      <Filter>Meta</Filter>
    </None>
  </ItemGroup>
  <ItemGroup>
    <Filter Include="Meta">
      <UniqueIdentifier>{809cf452-6954-4c78-ac6f-44c04101b5d3}</UniqueIdentifier>
    </Filter>
    <Filter Include="Core">
      <UniqueIdentifier>{ee8256a8-4eda-42a0-825e-5d369a9bedf4}</UniqueIdentifier>
    </Filter>
    <Filter Include="Relay">
      <UniqueIdentifier>{ecbc47da-5364-4043-99ed-da1cf20fa3ca}</UniqueIdentifier>
    </Filter>
    <Filter Include="Raw">
      <UniqueIdentifier>{0c04f866-8781-42a7-af02-9dce13e7a356}</UniqueIdentifier>
    </Filter>
    <Filter Include="Wrap">
      <UniqueIdentifier>{eed49166-048d-4920-80d5-4fcfcfe64dbd}</UniqueIdentifier>
    </Filter>
  </ItemGroup>
  <ItemGroup>
    <CustomBuild Include="..\Meta\generate_meta.txt">
      <Filter>Meta</Filter>
    </CustomBuild>
  </ItemGroup>
  <ItemGroup>
    <Text Include="..\Meta\licence_name.txt">
      <Filter>Meta</Filter>
    </Text>
  </ItemGroup>
  <ItemGroup>
    <ClCompile Include="..\Pubc\Version.cpp">
      <Filter>Core</Filter>
    </ClCompile>
    <ClCompile Include="..\Pubc\Interface Relay Receiver.cpp">
      <Filter>Relay</Filter>
    </ClCompile>
    <ClCompile Include="..\Pubc\Savvy Relay Receiver.cpp">
      <Filter>Relay</Filter>
    </ClCompile>
    <ClCompile Include="..\Pubc\Message Wrap JSON.cpp">
      <Filter>Wrap</Filter>
    </ClCompile>
  </ItemGroup>
</Project>